PODS:
  - Capacitor (7.4.4):
    - CapacitorCordova
  - CapacitorApp (7.1.0):
    - Capacitor
  - CapacitorBlobWriter (0.0.1):
    - Capacitor
    - GCDWebServer (~> 3.0)
  - CapacitorCamera (7.0.2):
    - Capacitor
  - CapacitorCommunitySqlite (7.0.2):
    - Capacitor
    - SQLCipher
    - ZIPFoundation
  - CapacitorCordova (7.4.4)
  - CapacitorDevice (7.0.2):
    - Capacitor
  - CapacitorFilesystem (7.1.4):
    - Capacitor
    - IONFilesystemLib (~> 1.0.1)
  - CapacitorGeolocation (7.1.5):
    - Capacitor
    - IONGeolocationLib (= 1.0.1)
  - CapacitorHaptics (7.0.2):
    - Capacitor
  - CapacitorNetwork (7.0.2):
    - Capacitor
  - CapacitorShare (7.0.3):
    - Capacitor
  - CapacitorSplashScreen (7.0.3):
    - Capacitor
  - CapacitorStatusBar (7.0.3):
    - Capacitor
  - GCDWebServer (3.5.4):
    - GCDWebServer/Core (= 3.5.4)
  - GCDWebServer/Core (3.5.4)
  - IONFilesystemLib (1.0.1)
  - IONGeolocationLib (1.0.1)
  - SQLCipher (4.10.0):
    - SQLCipher/standard (= 4.10.0)
  - SQLCipher/common (4.10.0)
  - SQLCipher/standard (4.10.0):
    - SQLCipher/common
  - ZIPFoundation (0.9.20)

DEPENDENCIES:
  - "Capacitor (from `../../node_modules/@capacitor/ios`)"
  - "CapacitorApp (from `../../node_modules/@capacitor/app`)"
  - CapacitorBlobWriter (from `../../node_modules/capacitor-blob-writer`)
  - "CapacitorCamera (from `../../node_modules/@capacitor/camera`)"
  - "CapacitorCommunitySqlite (from `../../node_modules/@capacitor-community/sqlite`)"
  - "CapacitorCordova (from `../../node_modules/@capacitor/ios`)"
  - "CapacitorDevice (from `../../node_modules/@capacitor/device`)"
  - "CapacitorFilesystem (from `../../node_modules/@capacitor/filesystem`)"
  - "CapacitorGeolocation (from `../../node_modules/@capacitor/geolocation`)"
  - "CapacitorHaptics (from `../../node_modules/@capacitor/haptics`)"
  - "CapacitorNetwork (from `../../node_modules/@capacitor/network`)"
  - "CapacitorShare (from `../../node_modules/@capacitor/share`)"
  - "CapacitorSplashScreen (from `../../node_modules/@capacitor/splash-screen`)"
  - "CapacitorStatusBar (from `../../node_modules/@capacitor/status-bar`)"

SPEC REPOS:
  trunk:
    - GCDWebServer
    - IONFilesystemLib
    - IONGeolocationLib
    - SQLCipher
    - ZIPFoundation

EXTERNAL SOURCES:
  Capacitor:
    :path: "../../node_modules/@capacitor/ios"
  CapacitorApp:
    :path: "../../node_modules/@capacitor/app"
  CapacitorBlobWriter:
    :path: "../../node_modules/capacitor-blob-writer"
  CapacitorCamera:
    :path: "../../node_modules/@capacitor/camera"
  CapacitorCommunitySqlite:
    :path: "../../node_modules/@capacitor-community/sqlite"
  CapacitorCordova:
    :path: "../../node_modules/@capacitor/ios"
  CapacitorDevice:
    :path: "../../node_modules/@capacitor/device"
  CapacitorFilesystem:
    :path: "../../node_modules/@capacitor/filesystem"
  CapacitorGeolocation:
    :path: "../../node_modules/@capacitor/geolocation"
  CapacitorHaptics:
    :path: "../../node_modules/@capacitor/haptics"
  CapacitorNetwork:
    :path: "../../node_modules/@capacitor/network"
  CapacitorShare:
    :path: "../../node_modules/@capacitor/share"
  CapacitorSplashScreen:
    :path: "../../node_modules/@capacitor/splash-screen"
  CapacitorStatusBar:
    :path: "../../node_modules/@capacitor/status-bar"

SPEC CHECKSUMS:
  Capacitor: 09d9ff8e9618e8c4b3cab2bbee34a17215dd2fef
  CapacitorApp: 846d4b4a1dbb19dd1e9029c08ba6f028aa7be862
  CapacitorBlobWriter: 110eeaf80611f19bf01a8a05ff3672149ed0baad
  CapacitorCamera: 6e18d54c8ab30d7dc7b8cd93d96f9b4f57e9202a
  CapacitorCommunitySqlite: b8e23cd2fd5bff7da8cb2a3a1cb3a6ffb9714a32
  CapacitorCordova: bf648a636f3c153f652d312ae145fb508b6ffced
  CapacitorDevice: a50a45f0d075e55e2392c7a4be5404d4f69515de
  CapacitorFilesystem: ac0a386949ed6c295a3dffa129ecd26b881ae5be
  CapacitorGeolocation: b96474c3259dd4a294227ea8ec19140b1837cceb
  CapacitorHaptics: 09d96bcb5a2b74ede8fd039b4cdf58fc43dcacf1
  CapacitorNetwork: 9b9eaeb417ec0ffa22e2bc33a4c71df10e1d6f06
  CapacitorShare: eac8c1e192dbbb0737a84a50552ffe12398cb11f
  CapacitorSplashScreen: d06ae8804808e9f649a08e7bb7f283c77b688084
  CapacitorStatusBar: 7d8fcbd6768db014bd721d75e246590b014928e8
  GCDWebServer: 2c156a56c8226e2d5c0c3f208a3621ccffbe3ce4
  IONFilesystemLib: 89258b8e3e85465da93127d25d7ce37f977e8a6f
  IONGeolocationLib: 20f9d0248a0b5264511fb57a37e25dd2badf797a
  SQLCipher: eb79c64049cb002b4e9fcb30edb7979bf4706dfc
  ZIPFoundation: dfd3d681c4053ff7e2f7350bc4e53b5dba3f5351

PODFILE CHECKSUM: 11b5a9e95207c0f2a64c817218dadf2045d30b2b

COCOAPODS: 1.16.2
